// !$*UTF8*$!
{
	archiveVersion = 1;
	classes = {
	};
	objectVersion = 48;
	objects = {

/* Begin PBXBuildFile section */
		3B526C4320047EF900AC4423 /* AppDelegate.m in Sources */ = {isa = PBXBuildFile; fileRef = 3B526C4220047EF900AC4423 /* AppDelegate.m */; };
		3B526C4620047EF900AC4423 /* ViewController.m in Sources */ = {isa = PBXBuildFile; fileRef = 3B526C4520047EF900AC4423 /* ViewController.m */; };
		3B526C4920047EF900AC4423 /* Main.storyboard in Resources */ = {isa = PBXBuildFile; fileRef = 3B526C4720047EF900AC4423 /* Main.storyboard */; };
		3B526C4B20047EF900AC4423 /* Assets.xcassets in Resources */ = {isa = PBXBuildFile; fileRef = 3B526C4A20047EF900AC4423 /* Assets.xcassets */; };
		3B526C4E20047EF900AC4423 /* LaunchScreen.storyboard in Resources */ = {isa = PBXBuildFile; fileRef = 3B526C4C20047EF900AC4423 /* LaunchScreen.storyboard */; };
		3B526C5120047EF900AC4423 /* main.m in Sources */ = {isa = PBXBuildFile; fileRef = 3B526C5020047EF900AC4423 /* main.m */; };
/* End PBXBuildFile section */

/* Begin PBXFileReference section */
		3B526C3E20047EF800AC4423 /* CarAnimationDemo.app */ = {isa = PBXFileReference; explicitFileType = wrapper.application; includeInIndex = 0; path = CarAnimationDemo.app; sourceTree = BUILT_PRODUCTS_DIR; };
		3B526C4120047EF900AC4423 /* AppDelegate.h */ = {isa = PBXFileReference; lastKnownFileType = sourcecode.c.h; path = AppDelegate.h; sourceTree = "<group>"; };
		3B526C4220047EF900AC4423 /* AppDelegate.m */ = {isa = PBXFileReference; lastKnownFileType = sourcecode.c.objc; path = AppDelegate.m; sourceTree = "<group>"; };
		3B526C4420047EF900AC4423 /* ViewController.h */ = {isa = PBXFileReference; lastKnownFileType = sourcecode.c.h; path = ViewController.h; sourceTree = "<group>"; };
		3B526C4520047EF900AC4423 /* ViewController.m */ = {isa = PBXFileReference; lastKnownFileType = sourcecode.c.objc; path = ViewController.m; sourceTree = "<group>"; };
		3B526C4820047EF900AC4423 /* Base */ = {isa = PBXFileReference; lastKnownFileType = file.storyboard; name = Base; path = Base.lproj/Main.storyboard; sourceTree = "<group>"; };
		3B526C4A20047EF900AC4423 /* Assets.xcassets */ = {isa = PBXFileReference; lastKnownFileType = folder.assetcatalog; path = Assets.xcassets; sourceTree = "<group>"; };
		3B526C4D20047EF900AC4423 /* Base */ = {isa = PBXFileReference; lastKnownFileType = file.storyboard; name = Base; path = Base.lproj/LaunchScreen.storyboard; sourceTree = "<group>"; };
		3B526C4F20047EF900AC4423 /* Info.plist */ = {isa = PBXFileReference; lastKnownFileType = text.plist.xml; path = Info.plist; sourceTree = "<group>"; };
		3B526C5020047EF900AC4423 /* main.m */ = {isa = PBXFileReference; lastKnownFileType = sourcecode.c.objc; path = main.m; sourceTree = "<group>"; };
/* End PBXFileReference section */

/* Begin PBXFrameworksBuildPhase section */
		3B526C3B20047EF800AC4423 /* Frameworks */ = {
			isa = PBXFrameworksBuildPhase;
			buildActionMask = 2147483647;
			files = (
			);
			runOnlyForDeploymentPostprocessing = 0;
		};
/* End PBXFrameworksBuildPhase section */

/* Begin PBXGroup section */
		3B526C3520047EF800AC4423 = {
			isa = PBXGroup;
			children = (
				3B526C4020047EF800AC4423 /* CarAnimationDemo */,
				3B526C3F20047EF800AC4423 /* Products */,
			);
			sourceTree = "<group>";
		};
		3B526C3F20047EF800AC4423 /* Products */ = {
			isa = PBXGroup;
			children = (
				3B526C3E20047EF800AC4423 /* CarAnimationDemo.app */,
			);
			name = Products;
			sourceTree = "<group>";
		};
		3B526C4020047EF800AC4423 /* CarAnimationDemo */ = {
			isa = PBXGroup;
			children = (
				3B526C4120047EF900AC4423 /* AppDelegate.h */,
				3B526C4220047EF900AC4423 /* AppDelegate.m */,
				3B526C4420047EF900AC4423 /* ViewController.h */,
				3B526C4520047EF900AC4423 /* ViewController.m */,
				3B526C4720047EF900AC4423 /* Main.storyboard */,
				3B526C4A20047EF900AC4423 /* Assets.xcassets */,
				3B526C4C20047EF900AC4423 /* LaunchScreen.storyboard */,
				3B526C4F20047EF900AC4423 /* Info.plist */,
				3B526C5020047EF900AC4423 /* main.m */,
			);
			path = CarAnimationDemo;
			sourceTree = "<group>";
		};
/* End PBXGroup section */

/* Begin PBXNativeTarget section */
		3B526C3D20047EF800AC4423 /* CarAnimationDemo */ = {
			isa = PBXNativeTarget;
			buildConfigurationList = 3B526C5420047EF900AC4423 /* Build configuration list for PBXNativeTarget "CarAnimationDemo" */;
			buildPhases = (
				3B526C3A20047EF800AC4423 /* Sources */,
				3B526C3B20047EF800AC4423 /* Frameworks */,
				3B526C3C20047EF800AC4423 /* Resources */,
			);
			buildRules = (
			);
			dependencies = (
			);
			name = CarAnimationDemo;
			productName = CarAnimationDemo;
			productReference = 3B526C3E20047EF800AC4423 /* CarAnimationDemo.app */;
			productType = "com.apple.product-type.application";
		};
/* End PBXNativeTarget section */

/* Begin PBXProject section */
		3B526C3620047EF800AC4423 /* Project object */ = {
			isa = PBXProject;
			attributes = {
				LastUpgradeCheck = 0920;
				ORGANIZATIONNAME = zhangqq;
				TargetAttributes = {
					3B526C3D20047EF800AC4423 = {
						CreatedOnToolsVersion = 9.2;
						ProvisioningStyle = Automatic;
					};
				};
			};
			buildConfigurationList = 3B526C3920047EF800AC4423 /* Build configuration list for PBXProject "CarAnimationDemo" */;
			compatibilityVersion = "Xcode 8.0";
			developmentRegion = en;
			hasScannedForEncodings = 0;
			knownRegions = (
				en,
				Base,
			);
			mainGroup = 3B526C3520047EF800AC4423;
			productRefGroup = 3B526C3F20047EF800AC4423 /* Products */;
			projectDirPath = "";
			projectRoot = "";
			targets = (
				3B526C3D20047EF800AC4423 /* CarAnimationDemo */,
			);
		};
/* End PBXProject section */

/* Begin PBXResourcesBuildPhase section */
		3B526C3C20047EF800AC4423 /* Resources */ = {
			isa = PBXResourcesBuildPhase;
			buildActionMask = 2147483647;
			files = (
				3B526C4E20047EF900AC4423 /* LaunchScreen.storyboard in Resources */,
				3B526C4B20047EF900AC4423 /* Assets.xcassets in Resources */,
				3B526C4920047EF900AC4423 /* Main.storyboard in Resources */,
			);
			runOnlyForDeploymentPostprocessing = 0;
		};
/* End PBXResourcesBuildPhase section */

/* Begin PBXSourcesBuildPhase section */
		3B526C3A20047EF800AC4423 /* Sources */ = {
			isa = PBXSourcesBuildPhase;
			buildActionMask = 2147483647;
			files = (
				3B526C4620047EF900AC4423 /* ViewController.m in Sources */,
				3B526C5120047EF900AC4423 /* main.m in Sources */,
				3B526C4320047EF900AC4423 /* AppDelegate.m in Sources */,
			);
			runOnlyForDeploymentPostprocessing = 0;
		};
/* End PBXSourcesBuildPhase section */

/* Begin PBXVariantGroup section */
		3B526C4720047EF900AC4423 /* Main.storyboard */ = {
			isa = PBXVariantGroup;
			children = (
				3B526C4820047EF900AC4423 /* Base */,
			);
			name = Main.storyboard;
			sourceTree = "<group>";
		};
		3B526C4C20047EF900AC4423 /* LaunchScreen.storyboard */ = {
			isa = PBXVariantGroup;
			children = (
				3B526C4D20047EF900AC4423 /* Base */,
			);
			name = LaunchScreen.storyboard;
			sourceTree = "<group>";
		};
/* End PBXVariantGroup section */

/* Begin XCBuildConfiguration section */
		3B526C5220047EF900AC4423 /* Debug */ = {
			isa = XCBuildConfiguration;
			buildSettings = {
				ALWAYS_SEARCH_USER_PATHS = NO;
				CLANG_ANALYZER_NONNULL = YES;
				CLANG_ANALYZER_NUMBER_OBJECT_CONVERSION = YES_AGGRESSIVE;
				CLANG_CXX_LANGUAGE_STANDARD = "gnu++14";
				CLANG_CXX_LIBRARY = "libc++";
				CLANG_ENABLE_MODULES = YES;
				CLANG_ENABLE_OBJC_ARC = YES;
				CLANG_WARN_BLOCK_CAPTURE_AUTORELEASING = YES;
				CLANG_WARN_BOOL_CONVERSION = YES;
				CLANG_WARN_COMMA = YES;
				CLANG_WARN_CONSTANT_CONVERSION = YES;
				CLANG_WARN_DIRECT_OBJC_ISA_USAGE = YES_ERROR;
				CLANG_WARN_DOCUMENTATION_COMMENTS = YES;
				CLANG_WARN_EMPTY_BODY = YES;
				CLANG_WARN_ENUM_CONVERSION = YES;
				CLANG_WARN_INFINITE_RECURSION = YES;
				CLANG_WARN_INT_CONVERSION = YES;
				CLANG_WARN_NON_LITERAL_NULL_CONVERSION = YES;
				CLANG_WARN_OBJC_LITERAL_CONVERSION = YES;
				CLANG_WARN_OBJC_ROOT_CLASS = YES_ERROR;
				CLANG_WARN_RANGE_LOOP_ANALYSIS = YES;
				CLANG_WARN_STRICT_PROTOTYPES = YES;
				CLANG_WARN_SUSPICIOUS_MOVE = YES;
				CLANG_WARN_UNGUARDED_AVAILABILITY = YES_AGGRESSIVE;
				CLANG_WARN_UNREACHABLE_CODE = YES;
				CLANG_WARN__DUPLICATE_METHOD_MATCH = YES;
				CODE_SIGN_IDENTITY = "iPhone Developer";
				COPY_PHASE_STRIP = NO;
				DEBUG_INFORMATION_FORMAT = dwarf;
				ENABLE_STRICT_OBJC_MSGSEND = YES;
				ENABLE_TESTABILITY = YES;
				GCC_C_LANGUAGE_STANDARD = gnu11;
				GCC_DYNAMIC_NO_PIC = NO;
				GCC_NO_COMMON_BLOCKS = YES;
				GCC_OPTIMIZATION_LEVEL = 0;
				GCC_PREPROCESSOR_DEFINITIONS = (
					"DEBUG=1",
					"$(inherited)",
				);
				GCC_WARN_64_TO_32_BIT_CONVERSION = YES;
				GCC_WARN_ABOUT_RETURN_TYPE = YES_ERROR;
				GCC_WARN_UNDECLARED_SELECTOR = YES;
				GCC_WARN_UNINITIALIZED_AUTOS = YES_AGGRESSIVE;
				GCC_WARN_UNUSED_FUNCTION = YES;
				GCC_WARN_UNUSED_VARIABLE = YES;
				IPHONEOS_DEPLOYMENT_TARGET = 11.2;
				MTL_ENABLE_DEBUG_INFO = YES;
				ONLY_ACTIVE_ARCH = YES;
				SDKROOT = iphoneos;
			};
			name = Debug;
		};
		3B526C5320047EF900AC4423 /* Release */ = {
			isa = XCBuildConfiguration;
			buildSettings = {
				ALWAYS_SEARCH_USER_PATHS = NO;
				CLANG_ANALYZER_NONNULL = YES;
				CLANG_ANALYZER_NUMBER_OBJECT_CONVERSION = YES_AGGRESSIVE;
				CLANG_CXX_LANGUAGE_STANDARD = "gnu++14";
				CLANG_CXX_LIBRARY = "libc++";
				CLANG_ENABLE_MODULES = YES;
				CLANG_ENABLE_OBJC_ARC = YES;
				CLANG_WARN_BLOCK_CAPTURE_AUTORELEASING = YES;
				CLANG_WARN_BOOL_CONVERSION = YES;
				CLANG_WARN_COMMA = YES;
				CLANG_WARN_CONSTANT_CONVERSION = YES;
				CLANG_WARN_DIRECT_OBJC_ISA_USAGE = YES_ERROR;
				CLANG_WARN_DOCUMENTATION_COMMENTS = YES;
				CLANG_WARN_EMPTY_BODY = YES;
				CLANG_WARN_ENUM_CONVERSION = YES;
				CLANG_WARN_INFINITE_RECURSION = YES;
				CLANG_WARN_INT_CONVERSION = YES;
				CLANG_WARN_NON_LITERAL_NULL_CONVERSION = YES;
				CLANG_WARN_OBJC_LITERAL_CONVERSION = YES;
				CLANG_WARN_OBJC_ROOT_CLASS = YES_ERROR;
				CLANG_WARN_RANGE_LOOP_ANALYSIS = YES;
				CLANG_WARN_STRICT_PROTOTYPES = YES;
				CLANG_WARN_SUSPICIOUS_MOVE = YES;
				CLANG_WARN_UNGUARDED_AVAILABILITY = YES_AGGRESSIVE;
				CLANG_WARN_UNREACHABLE_CODE = YES;
				CLANG_WARN__DUPLICATE_METHOD_MATCH = YES;
				CODE_SIGN_IDENTITY = "iPhone Developer";
				COPY_PHASE_STRIP = NO;
				DEBUG_INFORMATION_FORMAT = "dwarf-with-dsym";
				ENABLE_NS_ASSERTIONS = NO;
				ENABLE_STRICT_OBJC_MSGSEND = YES;
				GCC_C_LANGUAGE_STANDARD = gnu11;
				GCC_NO_COMMON_BLOCKS = YES;
				GCC_WARN_64_TO_32_BIT_CONVERSION = YES;
				GCC_WARN_ABOUT_RETURN_TYPE = YES_ERROR;
				GCC_WARN_UNDECLARED_SELECTOR = YES;
				GCC_WARN_UNINITIALIZED_AUTOS = YES_AGGRESSIVE;
				GCC_WARN_UNUSED_FUNCTION = YES;
				GCC_WARN_UNUSED_VARIABLE = YES;
				IPHONEOS_DEPLOYMENT_TARGET = 11.2;
				MTL_ENABLE_DEBUG_INFO = NO;
				SDKROOT = iphoneos;
				VALIDATE_PRODUCT = YES;
			};
			name = Release;
		};
		3B526C5520047EF900AC4423 /* Debug */ = {
			isa = XCBuildConfiguration;
			buildSettings = {
				ASSETCATALOG_COMPILER_APPICON_NAME = AppIcon;
				CODE_SIGN_STYLE = Automatic;
				DEVELOPMENT_TEAM = 83YPLW6R4Z;
				INFOPLIST_FILE = CarAnimationDemo/Info.plist;
				LD_RUNPATH_SEARCH_PATHS = "$(inherited) @executable_path/Frameworks";
				PRODUCT_BUNDLE_IDENTIFIER = "com.sisi.-macPro1.CarAnimationDemo";
				PRODUCT_NAME = "$(TARGET_NAME)";
				TARGETED_DEVICE_FAMILY = "1,2";
			};
			name = Debug;
		};
		3B526C5620047EF900AC4423 /* Release */ = {
			isa = XCBuildConfiguration;
			buildSettings = {
				ASSETCATALOG_COMPILER_APPICON_NAME = AppIcon;
				CODE_SIGN_STYLE = Automatic;
				DEVELOPMENT_TEAM = 83YPLW6R4Z;
				INFOPLIST_FILE = CarAnimationDemo/Info.plist;
				LD_RUNPATH_SEARCH_PATHS = "$(inherited) @executable_path/Frameworks";
				PRODUCT_BUNDLE_IDENTIFIER = "com.sisi.-macPro1.CarAnimationDemo";
				PRODUCT_NAME = "$(TARGET_NAME)";
				TARGETED_DEVICE_FAMILY = "1,2";
			};
			name = Release;
		};
/* End XCBuildConfiguration section */

/* Begin XCConfigurationList section */
		3B526C3920047EF800AC4423 /* Build configuration list for PBXProject "CarAnimationDemo" */ = {
			isa = XCConfigurationList;
			buildConfigurations = (
				3B526C5220047EF900AC4423 /* Debug */,
				3B526C5320047EF900AC4423 /* Release */,
			);
			defaultConfigurationIsVisible = 0;
			defaultConfigurationName = Release;
		};
		3B526C5420047EF900AC4423 /* Build configuration list for PBXNativeTarget "CarAnimationDemo" */ = {
			isa = XCConfigurationList;
			buildConfigurations = (
				3B526C5520047EF900AC4423 /* Debug */,
				3B526C5620047EF900AC4423 /* Release */,
			);
			defaultConfigurationIsVisible = 0;
			defaultConfigurationName = Release;
		};
/* End XCConfigurationList section */
	};
	rootObject = 3B526C3620047EF800AC4423 /* Project object */;
}
